
Microsoft Visual Studio Solution File, Format Version 12.00
# Visual Studio 15
VisualStudioVersion = 15.0.28307.572
MinimumVisualStudioVersion = 10.0.40219.1
Project("{FAE04EC0-301F-11D3-BF4B-00C04F79EFBC}") = "SinglyLinkedList", "SinglyLinkedList\SinglyLinkedList.csproj", "{51CD7746-F8D3-40BA-9A76-6FDA6E5D8DBE}"
EndProject
Global
	GlobalSection(SolutionConfigurationPlatforms) = preSolution
		Debug|Any CPU = Debug|Any CPU
		Release|Any CPU = Release|Any CPU
	EndGlobalSection
	GlobalSection(ProjectConfigurationPlatforms) = postSolution
		{51CD7746-F8D3-40BA-9A76-6FDA6E5D8DBE}.Debug|Any CPU.ActiveCfg = Debug|Any CPU
		{51CD7746-F8D3-40BA-9A76-6FDA6E5D8DBE}.Debug|Any CPU.Build.0 = Debug|Any CPU
		{51CD7746-F8D3-40BA-9A76-6FDA6E5D8DBE}.Release|Any CPU.ActiveCfg = Release|Any CPU
		{51CD7746-F8D3-40BA-9A76-6FDA6E5D8DBE}.Release|Any CPU.Build.0 = Release|Any CPU
	EndGlobalSection
	GlobalSection(SolutionProperties) = preSolution
		HideSolutionNode = FALSE
	EndGlobalSection
	GlobalSection(ExtensibilityGlobals) = postSolution
		SolutionGuid = {666F5E06-5841-45A0-A92E-ECCC3B90F20E}
	EndGlobalSection
EndGlobal
