
Microsoft Visual Studio Solution File, Format Version 12.00
# Visual Studio 15
VisualStudioVersion = 15.0.28307.572
MinimumVisualStudioVersion = 10.0.40219.1
Project("{FAE04EC0-301F-11D3-BF4B-00C04F79EFBC}") = "MissingNumberInArray", "MissingNumberInArray\MissingNumberInArray.csproj", "{14959AE5-D1AC-4DAA-BF8E-6141A4E6B50B}"
EndProject
Global
	GlobalSection(SolutionConfigurationPlatforms) = preSolution
		Debug|Any CPU = Debug|Any CPU
		Release|Any CPU = Release|Any CPU
	EndGlobalSection
	GlobalSection(ProjectConfigurationPlatforms) = postSolution
		{14959AE5-D1AC-4DAA-BF8E-6141A4E6B50B}.Debug|Any CPU.ActiveCfg = Debug|Any CPU
		{14959AE5-D1AC-4DAA-BF8E-6141A4E6B50B}.Debug|Any CPU.Build.0 = Debug|Any CPU
		{14959AE5-D1AC-4DAA-BF8E-6141A4E6B50B}.Release|Any CPU.ActiveCfg = Release|Any CPU
		{14959AE5-D1AC-4DAA-BF8E-6141A4E6B50B}.Release|Any CPU.Build.0 = Release|Any CPU
	EndGlobalSection
	GlobalSection(SolutionProperties) = preSolution
		HideSolutionNode = FALSE
	EndGlobalSection
	GlobalSection(ExtensibilityGlobals) = postSolution
		SolutionGuid = {F275A3F0-181F-459E-A1EE-43698ADD1C51}
	EndGlobalSection
EndGlobal
