
Microsoft Visual Studio Solution File, Format Version 12.00
# Visual Studio 15
VisualStudioVersion = 15.0.28307.102
MinimumVisualStudioVersion = 10.0.40219.1
Project("{FAE04EC0-301F-11D3-BF4B-00C04F79EFBC}") = "Sum2DimArr", "Sum2DimArr\Sum2DimArr.csproj", "{BF8A1701-8BDF-48E6-A9D9-9A1156829087}"
EndProject
Global
	GlobalSection(SolutionConfigurationPlatforms) = preSolution
		Debug|Any CPU = Debug|Any CPU
		Release|Any CPU = Release|Any CPU
	EndGlobalSection
	GlobalSection(ProjectConfigurationPlatforms) = postSolution
		{BF8A1701-8BDF-48E6-A9D9-9A1156829087}.Debug|Any CPU.ActiveCfg = Debug|Any CPU
		{BF8A1701-8BDF-48E6-A9D9-9A1156829087}.Debug|Any CPU.Build.0 = Debug|Any CPU
		{BF8A1701-8BDF-48E6-A9D9-9A1156829087}.Release|Any CPU.ActiveCfg = Release|Any CPU
		{BF8A1701-8BDF-48E6-A9D9-9A1156829087}.Release|Any CPU.Build.0 = Release|Any CPU
	EndGlobalSection
	GlobalSection(SolutionProperties) = preSolution
		HideSolutionNode = FALSE
	EndGlobalSection
	GlobalSection(ExtensibilityGlobals) = postSolution
		SolutionGuid = {5170B1C6-7496-4BC9-987E-4669472E4C55}
	EndGlobalSection
EndGlobal
