
Microsoft Visual Studio Solution File, Format Version 12.00
# Visual Studio 15
VisualStudioVersion = 15.0.28307.572
MinimumVisualStudioVersion = 10.0.40219.1
Project("{FAE04EC0-301F-11D3-BF4B-00C04F79EFBC}") = "SelectionSort", "SelectionSort\SelectionSort.csproj", "{139E26BC-0A7E-4F01-A689-D914F8A8C2BC}"
EndProject
Global
	GlobalSection(SolutionConfigurationPlatforms) = preSolution
		Debug|Any CPU = Debug|Any CPU
		Release|Any CPU = Release|Any CPU
	EndGlobalSection
	GlobalSection(ProjectConfigurationPlatforms) = postSolution
		{139E26BC-0A7E-4F01-A689-D914F8A8C2BC}.Debug|Any CPU.ActiveCfg = Debug|Any CPU
		{139E26BC-0A7E-4F01-A689-D914F8A8C2BC}.Debug|Any CPU.Build.0 = Debug|Any CPU
		{139E26BC-0A7E-4F01-A689-D914F8A8C2BC}.Release|Any CPU.ActiveCfg = Release|Any CPU
		{139E26BC-0A7E-4F01-A689-D914F8A8C2BC}.Release|Any CPU.Build.0 = Release|Any CPU
	EndGlobalSection
	GlobalSection(SolutionProperties) = preSolution
		HideSolutionNode = FALSE
	EndGlobalSection
	GlobalSection(ExtensibilityGlobals) = postSolution
		SolutionGuid = {4883CFC4-71C8-4B6B-937F-D0C1A2FCBED5}
	EndGlobalSection
EndGlobal
