
Microsoft Visual Studio Solution File, Format Version 12.00
# Visual Studio 15
VisualStudioVersion = 15.0.28307.102
MinimumVisualStudioVersion = 10.0.40219.1
Project("{FAE04EC0-301F-11D3-BF4B-00C04F79EFBC}") = "ListExample", "ListExample\ListExample.csproj", "{8553FBE5-809C-47E6-9309-38237EB6EE11}"
EndProject
Global
	GlobalSection(SolutionConfigurationPlatforms) = preSolution
		Debug|Any CPU = Debug|Any CPU
		Release|Any CPU = Release|Any CPU
	EndGlobalSection
	GlobalSection(ProjectConfigurationPlatforms) = postSolution
		{8553FBE5-809C-47E6-9309-38237EB6EE11}.Debug|Any CPU.ActiveCfg = Debug|Any CPU
		{8553FBE5-809C-47E6-9309-38237EB6EE11}.Debug|Any CPU.Build.0 = Debug|Any CPU
		{8553FBE5-809C-47E6-9309-38237EB6EE11}.Release|Any CPU.ActiveCfg = Release|Any CPU
		{8553FBE5-809C-47E6-9309-38237EB6EE11}.Release|Any CPU.Build.0 = Release|Any CPU
	EndGlobalSection
	GlobalSection(SolutionProperties) = preSolution
		HideSolutionNode = FALSE
	EndGlobalSection
	GlobalSection(ExtensibilityGlobals) = postSolution
		SolutionGuid = {2C6F0A98-8943-42F8-AEC5-2304B1853413}
	EndGlobalSection
EndGlobal
