
Microsoft Visual Studio Solution File, Format Version 12.00
# Visual Studio 15
VisualStudioVersion = 15.0.28307.102
MinimumVisualStudioVersion = 10.0.40219.1
Project("{FAE04EC0-301F-11D3-BF4B-00C04F79EFBC}") = "LargestElem", "LargestElem\LargestElem.csproj", "{7DEF8F5C-3A2F-43D5-A380-47B248A046A7}"
EndProject
Global
	GlobalSection(SolutionConfigurationPlatforms) = preSolution
		Debug|Any CPU = Debug|Any CPU
		Release|Any CPU = Release|Any CPU
	EndGlobalSection
	GlobalSection(ProjectConfigurationPlatforms) = postSolution
		{7DEF8F5C-3A2F-43D5-A380-47B248A046A7}.Debug|Any CPU.ActiveCfg = Debug|Any CPU
		{7DEF8F5C-3A2F-43D5-A380-47B248A046A7}.Debug|Any CPU.Build.0 = Debug|Any CPU
		{7DEF8F5C-3A2F-43D5-A380-47B248A046A7}.Release|Any CPU.ActiveCfg = Release|Any CPU
		{7DEF8F5C-3A2F-43D5-A380-47B248A046A7}.Release|Any CPU.Build.0 = Release|Any CPU
	EndGlobalSection
	GlobalSection(SolutionProperties) = preSolution
		HideSolutionNode = FALSE
	EndGlobalSection
	GlobalSection(ExtensibilityGlobals) = postSolution
		SolutionGuid = {E875F31E-7BEC-4B59-AF00-9F7491E3D3C6}
	EndGlobalSection
EndGlobal
