
Microsoft Visual Studio Solution File, Format Version 12.00
# Visual Studio 15
VisualStudioVersion = 15.0.28307.102
MinimumVisualStudioVersion = 10.0.40219.1
Project("{FAE04EC0-301F-11D3-BF4B-00C04F79EFBC}") = "LatestElem", "LatestElem\LatestElem.csproj", "{5BB6390B-5A33-4DF2-A00A-E1823E80750B}"
EndProject
Global
	GlobalSection(SolutionConfigurationPlatforms) = preSolution
		Debug|Any CPU = Debug|Any CPU
		Release|Any CPU = Release|Any CPU
	EndGlobalSection
	GlobalSection(ProjectConfigurationPlatforms) = postSolution
		{5BB6390B-5A33-4DF2-A00A-E1823E80750B}.Debug|Any CPU.ActiveCfg = Debug|Any CPU
		{5BB6390B-5A33-4DF2-A00A-E1823E80750B}.Debug|Any CPU.Build.0 = Debug|Any CPU
		{5BB6390B-5A33-4DF2-A00A-E1823E80750B}.Release|Any CPU.ActiveCfg = Release|Any CPU
		{5BB6390B-5A33-4DF2-A00A-E1823E80750B}.Release|Any CPU.Build.0 = Release|Any CPU
	EndGlobalSection
	GlobalSection(SolutionProperties) = preSolution
		HideSolutionNode = FALSE
	EndGlobalSection
	GlobalSection(ExtensibilityGlobals) = postSolution
		SolutionGuid = {DBE168AA-E59A-4AC8-916C-175257F096F6}
	EndGlobalSection
EndGlobal
