
Microsoft Visual Studio Solution File, Format Version 12.00
# Visual Studio 15
VisualStudioVersion = 15.0.28307.572
MinimumVisualStudioVersion = 10.0.40219.1
Project("{FAE04EC0-301F-11D3-BF4B-00C04F79EFBC}") = "ForthApproach", "ForthApproach\ForthApproach.csproj", "{40553344-0C00-4CF3-99A4-0EAAC628529D}"
EndProject
Global
	GlobalSection(SolutionConfigurationPlatforms) = preSolution
		Debug|Any CPU = Debug|Any CPU
		Release|Any CPU = Release|Any CPU
	EndGlobalSection
	GlobalSection(ProjectConfigurationPlatforms) = postSolution
		{40553344-0C00-4CF3-99A4-0EAAC628529D}.Debug|Any CPU.ActiveCfg = Debug|Any CPU
		{40553344-0C00-4CF3-99A4-0EAAC628529D}.Debug|Any CPU.Build.0 = Debug|Any CPU
		{40553344-0C00-4CF3-99A4-0EAAC628529D}.Release|Any CPU.ActiveCfg = Release|Any CPU
		{40553344-0C00-4CF3-99A4-0EAAC628529D}.Release|Any CPU.Build.0 = Release|Any CPU
	EndGlobalSection
	GlobalSection(SolutionProperties) = preSolution
		HideSolutionNode = FALSE
	EndGlobalSection
	GlobalSection(ExtensibilityGlobals) = postSolution
		SolutionGuid = {7AE013BE-17F7-44DC-A178-28092C09D965}
	EndGlobalSection
EndGlobal
