
Microsoft Visual Studio Solution File, Format Version 12.00
# Visual Studio 15
VisualStudioVersion = 15.0.28307.572
MinimumVisualStudioVersion = 10.0.40219.1
Project("{FAE04EC0-301F-11D3-BF4B-00C04F79EFBC}") = "BinarySearchIterative", "BinarySearchIterative\BinarySearchIterative.csproj", "{1BFE12DA-5C31-4973-BA87-F05FCD1D250E}"
EndProject
Global
	GlobalSection(SolutionConfigurationPlatforms) = preSolution
		Debug|Any CPU = Debug|Any CPU
		Release|Any CPU = Release|Any CPU
	EndGlobalSection
	GlobalSection(ProjectConfigurationPlatforms) = postSolution
		{1BFE12DA-5C31-4973-BA87-F05FCD1D250E}.Debug|Any CPU.ActiveCfg = Debug|Any CPU
		{1BFE12DA-5C31-4973-BA87-F05FCD1D250E}.Debug|Any CPU.Build.0 = Debug|Any CPU
		{1BFE12DA-5C31-4973-BA87-F05FCD1D250E}.Release|Any CPU.ActiveCfg = Release|Any CPU
		{1BFE12DA-5C31-4973-BA87-F05FCD1D250E}.Release|Any CPU.Build.0 = Release|Any CPU
	EndGlobalSection
	GlobalSection(SolutionProperties) = preSolution
		HideSolutionNode = FALSE
	EndGlobalSection
	GlobalSection(ExtensibilityGlobals) = postSolution
		SolutionGuid = {A4495BE9-B5B5-4CBD-9AF6-BC02CC59C8A6}
	EndGlobalSection
EndGlobal
