
Microsoft Visual Studio Solution File, Format Version 12.00
# Visual Studio 15
VisualStudioVersion = 15.0.28307.572
MinimumVisualStudioVersion = 10.0.40219.1
Project("{FAE04EC0-301F-11D3-BF4B-00C04F79EFBC}") = "MajorityElementArray", "MajorityElementArray\MajorityElementArray.csproj", "{F2E25684-07A1-485F-A043-47CAC65A2321}"
EndProject
Global
	GlobalSection(SolutionConfigurationPlatforms) = preSolution
		Debug|Any CPU = Debug|Any CPU
		Release|Any CPU = Release|Any CPU
	EndGlobalSection
	GlobalSection(ProjectConfigurationPlatforms) = postSolution
		{F2E25684-07A1-485F-A043-47CAC65A2321}.Debug|Any CPU.ActiveCfg = Debug|Any CPU
		{F2E25684-07A1-485F-A043-47CAC65A2321}.Debug|Any CPU.Build.0 = Debug|Any CPU
		{F2E25684-07A1-485F-A043-47CAC65A2321}.Release|Any CPU.ActiveCfg = Release|Any CPU
		{F2E25684-07A1-485F-A043-47CAC65A2321}.Release|Any CPU.Build.0 = Release|Any CPU
	EndGlobalSection
	GlobalSection(SolutionProperties) = preSolution
		HideSolutionNode = FALSE
	EndGlobalSection
	GlobalSection(ExtensibilityGlobals) = postSolution
		SolutionGuid = {8F612218-7FB8-4F9C-A755-CBDB9C194C0C}
	EndGlobalSection
EndGlobal
